// !$*UTF8*$!
{
	archiveVersion = 1;
	classes = {
	};
	objectVersion = 50;
	objects = {

/* Begin PBXBuildFile section */
		53839D8A23733F39001F54C8 /* AppDelegate.swift in Sources */ = {isa = PBXBuildFile; fileRef = 53839D8923733F39001F54C8 /* AppDelegate.swift */; };
		53839D8C23733F39001F54C8 /* ViewController.swift in Sources */ = {isa = PBXBuildFile; fileRef = 53839D8B23733F39001F54C8 /* ViewController.swift */; };
		53839D8F23733F39001F54C8 /* Main.storyboard in Resources */ = {isa = PBXBuildFile; fileRef = 53839D8D23733F39001F54C8 /* Main.storyboard */; };
		53839D9123733F3A001F54C8 /* Assets.xcassets in Resources */ = {isa = PBXBuildFile; fileRef = 53839D9023733F3A001F54C8 /* Assets.xcassets */; };
		53839D9423733F3A001F54C8 /* LaunchScreen.storyboard in Resources */ = {isa = PBXBuildFile; fileRef = 53839D9223733F3A001F54C8 /* LaunchScreen.storyboard */; };
		53839D9F23733F3A001F54C8 /* BaseProjectTests.swift in Sources */ = {isa = PBXBuildFile; fileRef = 53839D9E23733F3A001F54C8 /* BaseProjectTests.swift */; };
		53839DAA23733F3A001F54C8 /* BaseProjectUITests.swift in Sources */ = {isa = PBXBuildFile; fileRef = 53839DA923733F3A001F54C8 /* BaseProjectUITests.swift */; };
/* End PBXBuildFile section */

/* Begin PBXContainerItemProxy section */
		53839D9B23733F3A001F54C8 /* PBXContainerItemProxy */ = {
			isa = PBXContainerItemProxy;
			containerPortal = 53839D7E23733F39001F54C8 /* Project object */;
			proxyType = 1;
			remoteGlobalIDString = 53839D8523733F39001F54C8;
			remoteInfo = BaseProject;
		};
		53839DA623733F3A001F54C8 /* PBXContainerItemProxy */ = {
			isa = PBXContainerItemProxy;
			containerPortal = 53839D7E23733F39001F54C8 /* Project object */;
			proxyType = 1;
			remoteGlobalIDString = 53839D8523733F39001F54C8;
			remoteInfo = BaseProject;
		};
/* End PBXContainerItemProxy section */

/* Begin PBXFileReference section */
		53839D8623733F39001F54C8 /* BaseProject.app */ = {isa = PBXFileReference; explicitFileType = wrapper.application; includeInIndex = 0; path = BaseProject.app; sourceTree = BUILT_PRODUCTS_DIR; };
		53839D8923733F39001F54C8 /* AppDelegate.swift */ = {isa = PBXFileReference; lastKnownFileType = sourcecode.swift; path = AppDelegate.swift; sourceTree = "<group>"; };
		53839D8B23733F39001F54C8 /* ViewController.swift */ = {isa = PBXFileReference; lastKnownFileType = sourcecode.swift; path = ViewController.swift; sourceTree = "<group>"; };
		53839D8E23733F39001F54C8 /* Base */ = {isa = PBXFileReference; lastKnownFileType = file.storyboard; name = Base; path = Base.lproj/Main.storyboard; sourceTree = "<group>"; };
		53839D9023733F3A001F54C8 /* Assets.xcassets */ = {isa = PBXFileReference; lastKnownFileType = folder.assetcatalog; path = Assets.xcassets; sourceTree = "<group>"; };
		53839D9323733F3A001F54C8 /* Base */ = {isa = PBXFileReference; lastKnownFileType = file.storyboard; name = Base; path = Base.lproj/LaunchScreen.storyboard; sourceTree = "<group>"; };
		53839D9523733F3A001F54C8 /* Info.plist */ = {isa = PBXFileReference; lastKnownFileType = text.plist.xml; path = Info.plist; sourceTree = "<group>"; };
		53839D9A23733F3A001F54C8 /* BaseProjectTests.xctest */ = {isa = PBXFileReference; explicitFileType = wrapper.cfbundle; includeInIndex = 0; path = BaseProjectTests.xctest; sourceTree = BUILT_PRODUCTS_DIR; };
		53839D9E23733F3A001F54C8 /* BaseProjectTests.swift */ = {isa = PBXFileReference; lastKnownFileType = sourcecode.swift; path = BaseProjectTests.swift; sourceTree = "<group>"; };
		53839DA023733F3A001F54C8 /* Info.plist */ = {isa = PBXFileReference; lastKnownFileType = text.plist.xml; path = Info.plist; sourceTree = "<group>"; };
		53839DA523733F3A001F54C8 /* BaseProjectUITests.xctest */ = {isa = PBXFileReference; explicitFileType = wrapper.cfbundle; includeInIndex = 0; path = BaseProjectUITests.xctest; sourceTree = BUILT_PRODUCTS_DIR; };
		53839DA923733F3A001F54C8 /* BaseProjectUITests.swift */ = {isa = PBXFileReference; lastKnownFileType = sourcecode.swift; path = BaseProjectUITests.swift; sourceTree = "<group>"; };
		53839DAB23733F3A001F54C8 /* Info.plist */ = {isa = PBXFileReference; lastKnownFileType = text.plist.xml; path = Info.plist; sourceTree = "<group>"; };
/* End PBXFileReference section */

/* Begin PBXFrameworksBuildPhase section */
		53839D8323733F39001F54C8 /* Frameworks */ = {
			isa = PBXFrameworksBuildPhase;
			buildActionMask = 2147483647;
			files = (
			);
			runOnlyForDeploymentPostprocessing = 0;
		};
		53839D9723733F3A001F54C8 /* Frameworks */ = {
			isa = PBXFrameworksBuildPhase;
			buildActionMask = 2147483647;
			files = (
			);
			runOnlyForDeploymentPostprocessing = 0;
		};
		53839DA223733F3A001F54C8 /* Frameworks */ = {
			isa = PBXFrameworksBuildPhase;
			buildActionMask = 2147483647;
			files = (
			);
			runOnlyForDeploymentPostprocessing = 0;
		};
/* End PBXFrameworksBuildPhase section */

/* Begin PBXGroup section */
		53839D7D23733F39001F54C8 = {
			isa = PBXGroup;
			children = (
				53839D8823733F39001F54C8 /* BaseProject */,
				53839D9D23733F3A001F54C8 /* BaseProjectTests */,
				53839DA823733F3A001F54C8 /* BaseProjectUITests */,
				53839D8723733F39001F54C8 /* Products */,
			);
			sourceTree = "<group>";
		};
		53839D8723733F39001F54C8 /* Products */ = {
			isa = PBXGroup;
			children = (
				53839D8623733F39001F54C8 /* BaseProject.app */,
				53839D9A23733F3A001F54C8 /* BaseProjectTests.xctest */,
				53839DA523733F3A001F54C8 /* BaseProjectUITests.xctest */,
			);
			name = Products;
			sourceTree = "<group>";
		};
		53839D8823733F39001F54C8 /* BaseProject */ = {
			isa = PBXGroup;
			children = (
				53839D8923733F39001F54C8 /* AppDelegate.swift */,
				53839D8B23733F39001F54C8 /* ViewController.swift */,
				53839D8D23733F39001F54C8 /* Main.storyboard */,
				53839D9023733F3A001F54C8 /* Assets.xcassets */,
				53839D9223733F3A001F54C8 /* LaunchScreen.storyboard */,
				53839D9523733F3A001F54C8 /* Info.plist */,
			);
			path = BaseProject;
			sourceTree = "<group>";
		};
		53839D9D23733F3A001F54C8 /* BaseProjectTests */ = {
			isa = PBXGroup;
			children = (
				53839D9E23733F3A001F54C8 /* BaseProjectTests.swift */,
				53839DA023733F3A001F54C8 /* Info.plist */,
			);
			path = BaseProjectTests;
			sourceTree = "<group>";
		};
		53839DA823733F3A001F54C8 /* BaseProjectUITests */ = {
			isa = PBXGroup;
			children = (
				53839DA923733F3A001F54C8 /* BaseProjectUITests.swift */,
				53839DAB23733F3A001F54C8 /* Info.plist */,
			);
			path = BaseProjectUITests;
			sourceTree = "<group>";
		};
/* End PBXGroup section */

/* Begin PBXNativeTarget section */
		53839D8523733F39001F54C8 /* BaseProject */ = {
			isa = PBXNativeTarget;
			buildConfigurationList = 53839DAE23733F3A001F54C8 /* Build configuration list for PBXNativeTarget "BaseProject" */;
			buildPhases = (
				53839D8223733F39001F54C8 /* Sources */,
				53839D8323733F39001F54C8 /* Frameworks */,
				53839D8423733F39001F54C8 /* Resources */,
			);
			buildRules = (
			);
			dependencies = (
			);
			name = BaseProject;
			productName = BaseProject;
			productReference = 53839D8623733F39001F54C8 /* BaseProject.app */;
			productType = "com.apple.product-type.application";
		};
		53839D9923733F3A001F54C8 /* BaseProjectTests */ = {
			isa = PBXNativeTarget;
			buildConfigurationList = 53839DB123733F3A001F54C8 /* Build configuration list for PBXNativeTarget "BaseProjectTests" */;
			buildPhases = (
				53839D9623733F3A001F54C8 /* Sources */,
				53839D9723733F3A001F54C8 /* Frameworks */,
				53839D9823733F3A001F54C8 /* Resources */,
			);
			buildRules = (
			);
			dependencies = (
				53839D9C23733F3A001F54C8 /* PBXTargetDependency */,
			);
			name = BaseProjectTests;
			productName = BaseProjectTests;
			productReference = 53839D9A23733F3A001F54C8 /* BaseProjectTests.xctest */;
			productType = "com.apple.product-type.bundle.unit-test";
		};
		53839DA423733F3A001F54C8 /* BaseProjectUITests */ = {
			isa = PBXNativeTarget;
			buildConfigurationList = 53839DB423733F3A001F54C8 /* Build configuration list for PBXNativeTarget "BaseProjectUITests" */;
			buildPhases = (
				53839DA123733F3A001F54C8 /* Sources */,
				53839DA223733F3A001F54C8 /* Frameworks */,
				53839DA323733F3A001F54C8 /* Resources */,
			);
			buildRules = (
			);
			dependencies = (
				53839DA723733F3A001F54C8 /* PBXTargetDependency */,
			);
			name = BaseProjectUITests;
			productName = BaseProjectUITests;
			productReference = 53839DA523733F3A001F54C8 /* BaseProjectUITests.xctest */;
			productType = "com.apple.product-type.bundle.ui-testing";
		};
/* End PBXNativeTarget section */

/* Begin PBXProject section */
		53839D7E23733F39001F54C8 /* Project object */ = {
			isa = PBXProject;
			attributes = {
				LastSwiftUpdateCheck = 1030;
				LastUpgradeCheck = 1030;
				ORGANIZATIONNAME = "Iteris Consultoria";
				TargetAttributes = {
					53839D8523733F39001F54C8 = {
						CreatedOnToolsVersion = 10.3;
					};
					53839D9923733F3A001F54C8 = {
						CreatedOnToolsVersion = 10.3;
						TestTargetID = 53839D8523733F39001F54C8;
					};
					53839DA423733F3A001F54C8 = {
						CreatedOnToolsVersion = 10.3;
						TestTargetID = 53839D8523733F39001F54C8;
					};
				};
			};
			buildConfigurationList = 53839D8123733F39001F54C8 /* Build configuration list for PBXProject "BaseProject" */;
			compatibilityVersion = "Xcode 9.3";
			developmentRegion = en;
			hasScannedForEncodings = 0;
			knownRegions = (
				en,
				Base,
			);
			mainGroup = 53839D7D23733F39001F54C8;
			productRefGroup = 53839D8723733F39001F54C8 /* Products */;
			projectDirPath = "";
			projectRoot = "";
			targets = (
				53839D8523733F39001F54C8 /* BaseProject */,
				53839D9923733F3A001F54C8 /* BaseProjectTests */,
				53839DA423733F3A001F54C8 /* BaseProjectUITests */,
			);
		};
/* End PBXProject section */

/* Begin PBXResourcesBuildPhase section */
		53839D8423733F39001F54C8 /* Resources */ = {
			isa = PBXResourcesBuildPhase;
			buildActionMask = 2147483647;
			files = (
				53839D9423733F3A001F54C8 /* LaunchScreen.storyboard in Resources */,
				53839D9123733F3A001F54C8 /* Assets.xcassets in Resources */,
				53839D8F23733F39001F54C8 /* Main.storyboard in Resources */,
			);
			runOnlyForDeploymentPostprocessing = 0;
		};
		53839D9823733F3A001F54C8 /* Resources */ = {
			isa = PBXResourcesBuildPhase;
			buildActionMask = 2147483647;
			files = (
			);
			runOnlyForDeploymentPostprocessing = 0;
		};
		53839DA323733F3A001F54C8 /* Resources */ = {
			isa = PBXResourcesBuildPhase;
			buildActionMask = 2147483647;
			files = (
			);
			runOnlyForDeploymentPostprocessing = 0;
		};
/* End PBXResourcesBuildPhase section */

/* Begin PBXSourcesBuildPhase section */
		53839D8223733F39001F54C8 /* Sources */ = {
			isa = PBXSourcesBuildPhase;
			buildActionMask = 2147483647;
			files = (
				53839D8C23733F39001F54C8 /* ViewController.swift in Sources */,
				53839D8A23733F39001F54C8 /* AppDelegate.swift in Sources */,
			);
			runOnlyForDeploymentPostprocessing = 0;
		};
		53839D9623733F3A001F54C8 /* Sources */ = {
			isa = PBXSourcesBuildPhase;
			buildActionMask = 2147483647;
			files = (
				53839D9F23733F3A001F54C8 /* BaseProjectTests.swift in Sources */,
			);
			runOnlyForDeploymentPostprocessing = 0;
		};
		53839DA123733F3A001F54C8 /* Sources */ = {
			isa = PBXSourcesBuildPhase;
			buildActionMask = 2147483647;
			files = (
				53839DAA23733F3A001F54C8 /* BaseProjectUITests.swift in Sources */,
			);
			runOnlyForDeploymentPostprocessing = 0;
		};
/* End PBXSourcesBuildPhase section */

/* Begin PBXTargetDependency section */
		53839D9C23733F3A001F54C8 /* PBXTargetDependency */ = {
			isa = PBXTargetDependency;
			target = 53839D8523733F39001F54C8 /* BaseProject */;
			targetProxy = 53839D9B23733F3A001F54C8 /* PBXContainerItemProxy */;
		};
		53839DA723733F3A001F54C8 /* PBXTargetDependency */ = {
			isa = PBXTargetDependency;
			target = 53839D8523733F39001F54C8 /* BaseProject */;
			targetProxy = 53839DA623733F3A001F54C8 /* PBXContainerItemProxy */;
		};
/* End PBXTargetDependency section */

/* Begin PBXVariantGroup section */
		53839D8D23733F39001F54C8 /* Main.storyboard */ = {
			isa = PBXVariantGroup;
			children = (
				53839D8E23733F39001F54C8 /* Base */,
			);
			name = Main.storyboard;
			sourceTree = "<group>";
		};
		53839D9223733F3A001F54C8 /* LaunchScreen.storyboard */ = {
			isa = PBXVariantGroup;
			children = (
				53839D9323733F3A001F54C8 /* Base */,
			);
			name = LaunchScreen.storyboard;
			sourceTree = "<group>";
		};
/* End PBXVariantGroup section */

/* Begin XCBuildConfiguration section */
		53839DAC23733F3A001F54C8 /* Debug */ = {
			isa = XCBuildConfiguration;
			buildSettings = {
				ALWAYS_SEARCH_USER_PATHS = NO;
				CLANG_ANALYZER_NONNULL = YES;
				CLANG_ANALYZER_NUMBER_OBJECT_CONVERSION = YES_AGGRESSIVE;
				CLANG_CXX_LANGUAGE_STANDARD = "gnu++14";
				CLANG_CXX_LIBRARY = "libc++";
				CLANG_ENABLE_MODULES = YES;
				CLANG_ENABLE_OBJC_ARC = YES;
				CLANG_ENABLE_OBJC_WEAK = YES;
				CLANG_WARN_BLOCK_CAPTURE_AUTORELEASING = YES;
				CLANG_WARN_BOOL_CONVERSION = YES;
				CLANG_WARN_COMMA = YES;
				CLANG_WARN_CONSTANT_CONVERSION = YES;
				CLANG_WARN_DEPRECATED_OBJC_IMPLEMENTATIONS = YES;
				CLANG_WARN_DIRECT_OBJC_ISA_USAGE = YES_ERROR;
				CLANG_WARN_DOCUMENTATION_COMMENTS = YES;
				CLANG_WARN_EMPTY_BODY = YES;
				CLANG_WARN_ENUM_CONVERSION = YES;
				CLANG_WARN_INFINITE_RECURSION = YES;
				CLANG_WARN_INT_CONVERSION = YES;
				CLANG_WARN_NON_LITERAL_NULL_CONVERSION = YES;
				CLANG_WARN_OBJC_IMPLICIT_RETAIN_SELF = YES;
				CLANG_WARN_OBJC_LITERAL_CONVERSION = YES;
				CLANG_WARN_OBJC_ROOT_CLASS = YES_ERROR;
				CLANG_WARN_RANGE_LOOP_ANALYSIS = YES;
				CLANG_WARN_STRICT_PROTOTYPES = YES;
				CLANG_WARN_SUSPICIOUS_MOVE = YES;
				CLANG_WARN_UNGUARDED_AVAILABILITY = YES_AGGRESSIVE;
				CLANG_WARN_UNREACHABLE_CODE = YES;
				CLANG_WARN__DUPLICATE_METHOD_MATCH = YES;
				CODE_SIGN_IDENTITY = "iPhone Developer";
				COPY_PHASE_STRIP = NO;
				DEBUG_INFORMATION_FORMAT = dwarf;
				ENABLE_STRICT_OBJC_MSGSEND = YES;
				ENABLE_TESTABILITY = YES;
				GCC_C_LANGUAGE_STANDARD = gnu11;
				GCC_DYNAMIC_NO_PIC = NO;
				GCC_NO_COMMON_BLOCKS = YES;
				GCC_OPTIMIZATION_LEVEL = 0;
				GCC_PREPROCESSOR_DEFINITIONS = (
					"DEBUG=1",
					"$(inherited)",
				);
				GCC_WARN_64_TO_32_BIT_CONVERSION = YES;
				GCC_WARN_ABOUT_RETURN_TYPE = YES_ERROR;
				GCC_WARN_UNDECLARED_SELECTOR = YES;
				GCC_WARN_UNINITIALIZED_AUTOS = YES_AGGRESSIVE;
				GCC_WARN_UNUSED_FUNCTION = YES;
				GCC_WARN_UNUSED_VARIABLE = YES;
				IPHONEOS_DEPLOYMENT_TARGET = 12.4;
				MTL_ENABLE_DEBUG_INFO = INCLUDE_SOURCE;
				MTL_FAST_MATH = YES;
				ONLY_ACTIVE_ARCH = YES;
				SDKROOT = iphoneos;
				SWIFT_ACTIVE_COMPILATION_CONDITIONS = DEBUG;
				SWIFT_OPTIMIZATION_LEVEL = "-Onone";
			};
			name = Debug;
		};
		53839DAD23733F3A001F54C8 /* Release */ = {
			isa = XCBuildConfiguration;
			buildSettings = {
				ALWAYS_SEARCH_USER_PATHS = NO;
				CLANG_ANALYZER_NONNULL = YES;
				CLANG_ANALYZER_NUMBER_OBJECT_CONVERSION = YES_AGGRESSIVE;
				CLANG_CXX_LANGUAGE_STANDARD = "gnu++14";
				CLANG_CXX_LIBRARY = "libc++";
				CLANG_ENABLE_MODULES = YES;
				CLANG_ENABLE_OBJC_ARC = YES;
				CLANG_ENABLE_OBJC_WEAK = YES;
				CLANG_WARN_BLOCK_CAPTURE_AUTORELEASING = YES;
				CLANG_WARN_BOOL_CONVERSION = YES;
				CLANG_WARN_COMMA = YES;
				CLANG_WARN_CONSTANT_CONVERSION = YES;
				CLANG_WARN_DEPRECATED_OBJC_IMPLEMENTATIONS = YES;
				CLANG_WARN_DIRECT_OBJC_ISA_USAGE = YES_ERROR;
				CLANG_WARN_DOCUMENTATION_COMMENTS = YES;
				CLANG_WARN_EMPTY_BODY = YES;
				CLANG_WARN_ENUM_CONVERSION = YES;
				CLANG_WARN_INFINITE_RECURSION = YES;
				CLANG_WARN_INT_CONVERSION = YES;
				CLANG_WARN_NON_LITERAL_NULL_CONVERSION = YES;
				CLANG_WARN_OBJC_IMPLICIT_RETAIN_SELF = YES;
				CLANG_WARN_OBJC_LITERAL_CONVERSION = YES;
				CLANG_WARN_OBJC_ROOT_CLASS = YES_ERROR;
				CLANG_WARN_RANGE_LOOP_ANALYSIS = YES;
				CLANG_WARN_STRICT_PROTOTYPES = YES;
				CLANG_WARN_SUSPICIOUS_MOVE = YES;
				CLANG_WARN_UNGUARDED_AVAILABILITY = YES_AGGRESSIVE;
				CLANG_WARN_UNREACHABLE_CODE = YES;
				CLANG_WARN__DUPLICATE_METHOD_MATCH = YES;
				CODE_SIGN_IDENTITY = "iPhone Developer";
				COPY_PHASE_STRIP = NO;
				DEBUG_INFORMATION_FORMAT = "dwarf-with-dsym";
				ENABLE_NS_ASSERTIONS = NO;
				ENABLE_STRICT_OBJC_MSGSEND = YES;
				GCC_C_LANGUAGE_STANDARD = gnu11;
				GCC_NO_COMMON_BLOCKS = YES;
				GCC_WARN_64_TO_32_BIT_CONVERSION = YES;
				GCC_WARN_ABOUT_RETURN_TYPE = YES_ERROR;
				GCC_WARN_UNDECLARED_SELECTOR = YES;
				GCC_WARN_UNINITIALIZED_AUTOS = YES_AGGRESSIVE;
				GCC_WARN_UNUSED_FUNCTION = YES;
				GCC_WARN_UNUSED_VARIABLE = YES;
				IPHONEOS_DEPLOYMENT_TARGET = 12.4;
				MTL_ENABLE_DEBUG_INFO = NO;
				MTL_FAST_MATH = YES;
				SDKROOT = iphoneos;
				SWIFT_COMPILATION_MODE = wholemodule;
				SWIFT_OPTIMIZATION_LEVEL = "-O";
				VALIDATE_PRODUCT = YES;
			};
			name = Release;
		};
		53839DAF23733F3A001F54C8 /* Debug */ = {
			isa = XCBuildConfiguration;
			buildSettings = {
				ASSETCATALOG_COMPILER_APPICON_NAME = AppIcon;
				CODE_SIGN_STYLE = Automatic;
				INFOPLIST_FILE = BaseProject/Info.plist;
				LD_RUNPATH_SEARCH_PATHS = (
					"$(inherited)",
					"@executable_path/Frameworks",
				);
				PRODUCT_BUNDLE_IDENTIFIER = br.com.iteris.mobile.BaseProject;
				PRODUCT_NAME = "$(TARGET_NAME)";
				SWIFT_VERSION = 5.0;
				TARGETED_DEVICE_FAMILY = "1,2";
			};
			name = Debug;
		};
		53839DB023733F3A001F54C8 /* Release */ = {
			isa = XCBuildConfiguration;
			buildSettings = {
				ASSETCATALOG_COMPILER_APPICON_NAME = AppIcon;
				CODE_SIGN_STYLE = Automatic;
				INFOPLIST_FILE = BaseProject/Info.plist;
				LD_RUNPATH_SEARCH_PATHS = (
					"$(inherited)",
					"@executable_path/Frameworks",
				);
				PRODUCT_BUNDLE_IDENTIFIER = br.com.iteris.mobile.BaseProject;
				PRODUCT_NAME = "$(TARGET_NAME)";
				SWIFT_VERSION = 5.0;
				TARGETED_DEVICE_FAMILY = "1,2";
			};
			name = Release;
		};
		53839DB223733F3A001F54C8 /* Debug */ = {
			isa = XCBuildConfiguration;
			buildSettings = {
				ALWAYS_EMBED_SWIFT_STANDARD_LIBRARIES = YES;
				BUNDLE_LOADER = "$(TEST_HOST)";
				CODE_SIGN_STYLE = Automatic;
				INFOPLIST_FILE = BaseProjectTests/Info.plist;
				LD_RUNPATH_SEARCH_PATHS = (
					"$(inherited)",
					"@executable_path/Frameworks",
					"@loader_path/Frameworks",
				);
				PRODUCT_BUNDLE_IDENTIFIER = br.com.iteris.mobile.BaseProjectTests;
				PRODUCT_NAME = "$(TARGET_NAME)";
				SWIFT_VERSION = 5.0;
				TARGETED_DEVICE_FAMILY = "1,2";
				TEST_HOST = "$(BUILT_PRODUCTS_DIR)/BaseProject.app/BaseProject";
			};
			name = Debug;
		};
		53839DB323733F3A001F54C8 /* Release */ = {
			isa = XCBuildConfiguration;
			buildSettings = {
				ALWAYS_EMBED_SWIFT_STANDARD_LIBRARIES = YES;
				BUNDLE_LOADER = "$(TEST_HOST)";
				CODE_SIGN_STYLE = Automatic;
				INFOPLIST_FILE = BaseProjectTests/Info.plist;
				LD_RUNPATH_SEARCH_PATHS = (
					"$(inherited)",
					"@executable_path/Frameworks",
					"@loader_path/Frameworks",
				);
				PRODUCT_BUNDLE_IDENTIFIER = br.com.iteris.mobile.BaseProjectTests;
				PRODUCT_NAME = "$(TARGET_NAME)";
				SWIFT_VERSION = 5.0;
				TARGETED_DEVICE_FAMILY = "1,2";
				TEST_HOST = "$(BUILT_PRODUCTS_DIR)/BaseProject.app/BaseProject";
			};
			name = Release;
		};
		53839DB523733F3A001F54C8 /* Debug */ = {
			isa = XCBuildConfiguration;
			buildSettings = {
				ALWAYS_EMBED_SWIFT_STANDARD_LIBRARIES = YES;
				CODE_SIGN_STYLE = Automatic;
				INFOPLIST_FILE = BaseProjectUITests/Info.plist;
				LD_RUNPATH_SEARCH_PATHS = (
					"$(inherited)",
					"@executable_path/Frameworks",
					"@loader_path/Frameworks",
				);
				PRODUCT_BUNDLE_IDENTIFIER = br.com.iteris.mobile.BaseProjectUITests;
				PRODUCT_NAME = "$(TARGET_NAME)";
				SWIFT_VERSION = 5.0;
				TARGETED_DEVICE_FAMILY = "1,2";
				TEST_TARGET_NAME = BaseProject;
			};
			name = Debug;
		};
		53839DB623733F3A001F54C8 /* Release */ = {
			isa = XCBuildConfiguration;
			buildSettings = {
				ALWAYS_EMBED_SWIFT_STANDARD_LIBRARIES = YES;
				CODE_SIGN_STYLE = Automatic;
				INFOPLIST_FILE = BaseProjectUITests/Info.plist;
				LD_RUNPATH_SEARCH_PATHS = (
					"$(inherited)",
					"@executable_path/Frameworks",
					"@loader_path/Frameworks",
				);
				PRODUCT_BUNDLE_IDENTIFIER = br.com.iteris.mobile.BaseProjectUITests;
				PRODUCT_NAME = "$(TARGET_NAME)";
				SWIFT_VERSION = 5.0;
				TARGETED_DEVICE_FAMILY = "1,2";
				TEST_TARGET_NAME = BaseProject;
			};
			name = Release;
		};
/* End XCBuildConfiguration section */

/* Begin XCConfigurationList section */
		53839D8123733F39001F54C8 /* Build configuration list for PBXProject "BaseProject" */ = {
			isa = XCConfigurationList;
			buildConfigurations = (
				53839DAC23733F3A001F54C8 /* Debug */,
				53839DAD23733F3A001F54C8 /* Release */,
			);
			defaultConfigurationIsVisible = 0;
			defaultConfigurationName = Release;
		};
		53839DAE23733F3A001F54C8 /* Build configuration list for PBXNativeTarget "BaseProject" */ = {
			isa = XCConfigurationList;
			buildConfigurations = (
				53839DAF23733F3A001F54C8 /* Debug */,
				53839DB023733F3A001F54C8 /* Release */,
			);
			defaultConfigurationIsVisible = 0;
			defaultConfigurationName = Release;
		};
		53839DB123733F3A001F54C8 /* Build configuration list for PBXNativeTarget "BaseProjectTests" */ = {
			isa = XCConfigurationList;
			buildConfigurations = (
				53839DB223733F3A001F54C8 /* Debug */,
				53839DB323733F3A001F54C8 /* Release */,
			);
			defaultConfigurationIsVisible = 0;
			defaultConfigurationName = Release;
		};
		53839DB423733F3A001F54C8 /* Build configuration list for PBXNativeTarget "BaseProjectUITests" */ = {
			isa = XCConfigurationList;
			buildConfigurations = (
				53839DB523733F3A001F54C8 /* Debug */,
				53839DB623733F3A001F54C8 /* Release */,
			);
			defaultConfigurationIsVisible = 0;
			defaultConfigurationName = Release;
		};
/* End XCConfigurationList section */
	};
	rootObject = 53839D7E23733F39001F54C8 /* Project object */;
}
