// !$*UTF8*$!
{
	archiveVersion = 1;
	classes = {
	};
	objectVersion = 51;
	objects = {

/* Begin PBXBuildFile section */
		0BC608905C91E6AFF0367D12 /* Pods_BaseProject.framework in Frameworks */ = {isa = PBXBuildFile; fileRef = 61F55FFA936E8E7C3C54A6F1 /* Pods_BaseProject.framework */; };
		53839D8A23733F39001F54C8 /* AppDelegate.swift in Sources */ = {isa = PBXBuildFile; fileRef = 53839D8923733F39001F54C8 /* AppDelegate.swift */; };
		53839D9123733F3A001F54C8 /* Assets.xcassets in Resources */ = {isa = PBXBuildFile; fileRef = 53839D9023733F3A001F54C8 /* Assets.xcassets */; };
		53839D9423733F3A001F54C8 /* LaunchScreen.storyboard in Resources */ = {isa = PBXBuildFile; fileRef = 53839D9223733F3A001F54C8 /* LaunchScreen.storyboard */; };
		53839D9F23733F3A001F54C8 /* BaseProjectTests.swift in Sources */ = {isa = PBXBuildFile; fileRef = 53839D9E23733F3A001F54C8 /* BaseProjectTests.swift */; };
		53839DAA23733F3A001F54C8 /* BaseProjectUITests.swift in Sources */ = {isa = PBXBuildFile; fileRef = 53839DA923733F3A001F54C8 /* BaseProjectUITests.swift */; };
		53839DBD23734231001F54C8 /* Environment.swift in Sources */ = {isa = PBXBuildFile; fileRef = 53839DBC23734231001F54C8 /* Environment.swift */; };
		53839DC023734352001F54C8 /* Localizable.strings in Resources */ = {isa = PBXBuildFile; fileRef = 53839DBF23734352001F54C8 /* Localizable.strings */; };
		53839DC223734372001F54C8 /* LocalizableStrings.swift in Sources */ = {isa = PBXBuildFile; fileRef = 53839DC123734372001F54C8 /* LocalizableStrings.swift */; };
		53839DC923734543001F54C8 /* Identifier+NameExtensions.swift in Sources */ = {isa = PBXBuildFile; fileRef = 53839DC323734543001F54C8 /* Identifier+NameExtensions.swift */; };
		53839DCA23734543001F54C8 /* Global+Extensions.swift in Sources */ = {isa = PBXBuildFile; fileRef = 53839DC423734543001F54C8 /* Global+Extensions.swift */; };
		53839DCB23734543001F54C8 /* String+Extensions.swift in Sources */ = {isa = PBXBuildFile; fileRef = 53839DC523734543001F54C8 /* String+Extensions.swift */; };
		53839DCC23734543001F54C8 /* UIView+Extensions.swift in Sources */ = {isa = PBXBuildFile; fileRef = 53839DC623734543001F54C8 /* UIView+Extensions.swift */; };
		53839DCD23734543001F54C8 /* UIStoryboard.swift in Sources */ = {isa = PBXBuildFile; fileRef = 53839DC723734543001F54C8 /* UIStoryboard.swift */; };
		53839DCE23734543001F54C8 /* UIImage+Extensions.swift in Sources */ = {isa = PBXBuildFile; fileRef = 53839DC823734543001F54C8 /* UIImage+Extensions.swift */; };
		53839DD4237345D2001F54C8 /* Reachability.swift in Sources */ = {isa = PBXBuildFile; fileRef = 53839DD0237345D2001F54C8 /* Reachability.swift */; };
		53839DD5237345D2001F54C8 /* BaseViewModel.swift in Sources */ = {isa = PBXBuildFile; fileRef = 53839DD1237345D2001F54C8 /* BaseViewModel.swift */; };
		53839DD6237345D2001F54C8 /* Identifiable.swift in Sources */ = {isa = PBXBuildFile; fileRef = 53839DD2237345D2001F54C8 /* Identifiable.swift */; };
		53839DD7237345D2001F54C8 /* BaseViewController.swift in Sources */ = {isa = PBXBuildFile; fileRef = 53839DD3237345D2001F54C8 /* BaseViewController.swift */; };
		53839DDA237465AB001F54C8 /* Result.swift in Sources */ = {isa = PBXBuildFile; fileRef = 53839DD9237465AB001F54C8 /* Result.swift */; };
		53839DDC237465EB001F54C8 /* BaseService.swift in Sources */ = {isa = PBXBuildFile; fileRef = 53839DDB237465EA001F54C8 /* BaseService.swift */; };
		53839DEB237467E9001F54C8 /* FlowError.swift in Sources */ = {isa = PBXBuildFile; fileRef = 53839DDE237467E9001F54C8 /* FlowError.swift */; };
		53839DEC237467E9001F54C8 /* FlowTarget.swift in Sources */ = {isa = PBXBuildFile; fileRef = 53839DDF237467E9001F54C8 /* FlowTarget.swift */; };
		53839DED237467E9001F54C8 /* FlowMultipartFormData.swift in Sources */ = {isa = PBXBuildFile; fileRef = 53839DE0237467E9001F54C8 /* FlowMultipartFormData.swift */; };
		53839DEE237467E9001F54C8 /* URLResponse+StatusCode.swift in Sources */ = {isa = PBXBuildFile; fileRef = 53839DE2237467E9001F54C8 /* URLResponse+StatusCode.swift */; };
		53839DEF237467E9001F54C8 /* URLRequest+Multipart.swift in Sources */ = {isa = PBXBuildFile; fileRef = 53839DE3237467E9001F54C8 /* URLRequest+Multipart.swift */; };
		53839DF0237467E9001F54C8 /* URL+Flow.swift in Sources */ = {isa = PBXBuildFile; fileRef = 53839DE4237467E9001F54C8 /* URL+Flow.swift */; };
		53839DF1237467E9001F54C8 /* URLRequest+Encode.swift in Sources */ = {isa = PBXBuildFile; fileRef = 53839DE5237467E9001F54C8 /* URLRequest+Encode.swift */; };
		53839DF2237467E9001F54C8 /* FlowRequestExecutor.swift in Sources */ = {isa = PBXBuildFile; fileRef = 53839DE6237467E9001F54C8 /* FlowRequestExecutor.swift */; };
		53839DF3237467E9001F54C8 /* FlowRequester.swift in Sources */ = {isa = PBXBuildFile; fileRef = 53839DE7237467E9001F54C8 /* FlowRequester.swift */; };
		53839DF4237467E9001F54C8 /* FlowProvider.swift in Sources */ = {isa = PBXBuildFile; fileRef = 53839DE8237467E9001F54C8 /* FlowProvider.swift */; };
		53839DF5237467E9001F54C8 /* FlowRequestComposer.swift in Sources */ = {isa = PBXBuildFile; fileRef = 53839DE9237467E9001F54C8 /* FlowRequestComposer.swift */; };
		53839DF6237467E9001F54C8 /* AnyEncodable.swift in Sources */ = {isa = PBXBuildFile; fileRef = 53839DEA237467E9001F54C8 /* AnyEncodable.swift */; };
		53839DF823746B6A001F54C8 /* BaseCodable.swift in Sources */ = {isa = PBXBuildFile; fileRef = 53839DF723746B6A001F54C8 /* BaseCodable.swift */; };
		53839DFA23748220001F54C8 /* BaseError.swift in Sources */ = {isa = PBXBuildFile; fileRef = 53839DF923748220001F54C8 /* BaseError.swift */; };
		53839DFC237482B5001F54C8 /* APIError.swift in Sources */ = {isa = PBXBuildFile; fileRef = 53839DFB237482B5001F54C8 /* APIError.swift */; };
		53839E0223749057001F54C8 /* AppCoordinator.swift in Sources */ = {isa = PBXBuildFile; fileRef = 53839DFF23749057001F54C8 /* AppCoordinator.swift */; };
		53839E0323749057001F54C8 /* BaseCoordinator.swift in Sources */ = {isa = PBXBuildFile; fileRef = 53839E0023749057001F54C8 /* BaseCoordinator.swift */; };
		53839E0423749057001F54C8 /* Coordinator.swift in Sources */ = {isa = PBXBuildFile; fileRef = 53839E0123749057001F54C8 /* Coordinator.swift */; };
		53839E0A2374956F001F54C8 /* HomeViewController.swift in Sources */ = {isa = PBXBuildFile; fileRef = 53839E082374956F001F54C8 /* HomeViewController.swift */; };
		53839E0B2374956F001F54C8 /* HomeViewController.xib in Resources */ = {isa = PBXBuildFile; fileRef = 53839E092374956F001F54C8 /* HomeViewController.xib */; };
		665BF13AF3F1F7959461C0D0 /* Pods_BaseProject_BaseProjectUITests.framework in Frameworks */ = {isa = PBXBuildFile; fileRef = 093235B5AE5061024C77E888 /* Pods_BaseProject_BaseProjectUITests.framework */; };
		75588FC81535045FB5801FEC /* Pods_BaseProjectTests.framework in Frameworks */ = {isa = PBXBuildFile; fileRef = A651984156CC4E92BC4CFF7B /* Pods_BaseProjectTests.framework */; };
/* End PBXBuildFile section */

/* Begin PBXContainerItemProxy section */
		53839D9B23733F3A001F54C8 /* PBXContainerItemProxy */ = {
			isa = PBXContainerItemProxy;
			containerPortal = 53839D7E23733F39001F54C8 /* Project object */;
			proxyType = 1;
			remoteGlobalIDString = 53839D8523733F39001F54C8;
			remoteInfo = BaseProject;
		};
		53839DA623733F3A001F54C8 /* PBXContainerItemProxy */ = {
			isa = PBXContainerItemProxy;
			containerPortal = 53839D7E23733F39001F54C8 /* Project object */;
			proxyType = 1;
			remoteGlobalIDString = 53839D8523733F39001F54C8;
			remoteInfo = BaseProject;
		};
/* End PBXContainerItemProxy section */

/* Begin PBXFileReference section */
		093235B5AE5061024C77E888 /* Pods_BaseProject_BaseProjectUITests.framework */ = {isa = PBXFileReference; explicitFileType = wrapper.framework; includeInIndex = 0; path = Pods_BaseProject_BaseProjectUITests.framework; sourceTree = BUILT_PRODUCTS_DIR; };
		4470E525DAD2D191EC73B81F /* Pods-BaseProjectTests.debug.xcconfig */ = {isa = PBXFileReference; includeInIndex = 1; lastKnownFileType = text.xcconfig; name = "Pods-BaseProjectTests.debug.xcconfig"; path = "Target Support Files/Pods-BaseProjectTests/Pods-BaseProjectTests.debug.xcconfig"; sourceTree = "<group>"; };
		53839D8623733F39001F54C8 /* BaseProject.app */ = {isa = PBXFileReference; explicitFileType = wrapper.application; includeInIndex = 0; path = BaseProject.app; sourceTree = BUILT_PRODUCTS_DIR; };
		53839D8923733F39001F54C8 /* AppDelegate.swift */ = {isa = PBXFileReference; lastKnownFileType = sourcecode.swift; path = AppDelegate.swift; sourceTree = "<group>"; };
		53839D9023733F3A001F54C8 /* Assets.xcassets */ = {isa = PBXFileReference; lastKnownFileType = folder.assetcatalog; path = Assets.xcassets; sourceTree = "<group>"; };
		53839D9323733F3A001F54C8 /* Base */ = {isa = PBXFileReference; lastKnownFileType = file.storyboard; name = Base; path = Base.lproj/LaunchScreen.storyboard; sourceTree = "<group>"; };
		53839D9523733F3A001F54C8 /* Info.plist */ = {isa = PBXFileReference; lastKnownFileType = text.plist.xml; path = Info.plist; sourceTree = "<group>"; };
		53839D9A23733F3A001F54C8 /* BaseProjectTests.xctest */ = {isa = PBXFileReference; explicitFileType = wrapper.cfbundle; includeInIndex = 0; path = BaseProjectTests.xctest; sourceTree = BUILT_PRODUCTS_DIR; };
		53839D9E23733F3A001F54C8 /* BaseProjectTests.swift */ = {isa = PBXFileReference; lastKnownFileType = sourcecode.swift; path = BaseProjectTests.swift; sourceTree = "<group>"; };
		53839DA023733F3A001F54C8 /* Info.plist */ = {isa = PBXFileReference; lastKnownFileType = text.plist.xml; path = Info.plist; sourceTree = "<group>"; };
		53839DA523733F3A001F54C8 /* BaseProjectUITests.xctest */ = {isa = PBXFileReference; explicitFileType = wrapper.cfbundle; includeInIndex = 0; path = BaseProjectUITests.xctest; sourceTree = BUILT_PRODUCTS_DIR; };
		53839DA923733F3A001F54C8 /* BaseProjectUITests.swift */ = {isa = PBXFileReference; lastKnownFileType = sourcecode.swift; path = BaseProjectUITests.swift; sourceTree = "<group>"; };
		53839DAB23733F3A001F54C8 /* Info.plist */ = {isa = PBXFileReference; lastKnownFileType = text.plist.xml; path = Info.plist; sourceTree = "<group>"; };
		53839DBC23734231001F54C8 /* Environment.swift */ = {isa = PBXFileReference; lastKnownFileType = sourcecode.swift; path = Environment.swift; sourceTree = "<group>"; };
		53839DBF23734352001F54C8 /* Localizable.strings */ = {isa = PBXFileReference; lastKnownFileType = text.plist.strings; path = Localizable.strings; sourceTree = "<group>"; };
		53839DC123734372001F54C8 /* LocalizableStrings.swift */ = {isa = PBXFileReference; lastKnownFileType = sourcecode.swift; path = LocalizableStrings.swift; sourceTree = "<group>"; };
		53839DC323734543001F54C8 /* Identifier+NameExtensions.swift */ = {isa = PBXFileReference; fileEncoding = 4; lastKnownFileType = sourcecode.swift; path = "Identifier+NameExtensions.swift"; sourceTree = "<group>"; };
		53839DC423734543001F54C8 /* Global+Extensions.swift */ = {isa = PBXFileReference; fileEncoding = 4; lastKnownFileType = sourcecode.swift; path = "Global+Extensions.swift"; sourceTree = "<group>"; };
		53839DC523734543001F54C8 /* String+Extensions.swift */ = {isa = PBXFileReference; fileEncoding = 4; lastKnownFileType = sourcecode.swift; path = "String+Extensions.swift"; sourceTree = "<group>"; };
		53839DC623734543001F54C8 /* UIView+Extensions.swift */ = {isa = PBXFileReference; fileEncoding = 4; lastKnownFileType = sourcecode.swift; path = "UIView+Extensions.swift"; sourceTree = "<group>"; };
		53839DC723734543001F54C8 /* UIStoryboard.swift */ = {isa = PBXFileReference; fileEncoding = 4; lastKnownFileType = sourcecode.swift; path = UIStoryboard.swift; sourceTree = "<group>"; };
		53839DC823734543001F54C8 /* UIImage+Extensions.swift */ = {isa = PBXFileReference; fileEncoding = 4; lastKnownFileType = sourcecode.swift; path = "UIImage+Extensions.swift"; sourceTree = "<group>"; };
		53839DD0237345D2001F54C8 /* Reachability.swift */ = {isa = PBXFileReference; fileEncoding = 4; lastKnownFileType = sourcecode.swift; path = Reachability.swift; sourceTree = "<group>"; };
		53839DD1237345D2001F54C8 /* BaseViewModel.swift */ = {isa = PBXFileReference; fileEncoding = 4; lastKnownFileType = sourcecode.swift; path = BaseViewModel.swift; sourceTree = "<group>"; };
		53839DD2237345D2001F54C8 /* Identifiable.swift */ = {isa = PBXFileReference; fileEncoding = 4; lastKnownFileType = sourcecode.swift; path = Identifiable.swift; sourceTree = "<group>"; };
		53839DD3237345D2001F54C8 /* BaseViewController.swift */ = {isa = PBXFileReference; fileEncoding = 4; lastKnownFileType = sourcecode.swift; path = BaseViewController.swift; sourceTree = "<group>"; };
		53839DD9237465AB001F54C8 /* Result.swift */ = {isa = PBXFileReference; lastKnownFileType = sourcecode.swift; path = Result.swift; sourceTree = "<group>"; };
		53839DDB237465EA001F54C8 /* BaseService.swift */ = {isa = PBXFileReference; fileEncoding = 4; lastKnownFileType = sourcecode.swift; path = BaseService.swift; sourceTree = "<group>"; };
		53839DDE237467E9001F54C8 /* FlowError.swift */ = {isa = PBXFileReference; fileEncoding = 4; lastKnownFileType = sourcecode.swift; path = FlowError.swift; sourceTree = "<group>"; };
		53839DDF237467E9001F54C8 /* FlowTarget.swift */ = {isa = PBXFileReference; fileEncoding = 4; lastKnownFileType = sourcecode.swift; path = FlowTarget.swift; sourceTree = "<group>"; };
		53839DE0237467E9001F54C8 /* FlowMultipartFormData.swift */ = {isa = PBXFileReference; fileEncoding = 4; lastKnownFileType = sourcecode.swift; path = FlowMultipartFormData.swift; sourceTree = "<group>"; };
		53839DE2237467E9001F54C8 /* URLResponse+StatusCode.swift */ = {isa = PBXFileReference; fileEncoding = 4; lastKnownFileType = sourcecode.swift; path = "URLResponse+StatusCode.swift"; sourceTree = "<group>"; };
		53839DE3237467E9001F54C8 /* URLRequest+Multipart.swift */ = {isa = PBXFileReference; fileEncoding = 4; lastKnownFileType = sourcecode.swift; path = "URLRequest+Multipart.swift"; sourceTree = "<group>"; };
		53839DE4237467E9001F54C8 /* URL+Flow.swift */ = {isa = PBXFileReference; fileEncoding = 4; lastKnownFileType = sourcecode.swift; path = "URL+Flow.swift"; sourceTree = "<group>"; };
		53839DE5237467E9001F54C8 /* URLRequest+Encode.swift */ = {isa = PBXFileReference; fileEncoding = 4; lastKnownFileType = sourcecode.swift; path = "URLRequest+Encode.swift"; sourceTree = "<group>"; };
		53839DE6237467E9001F54C8 /* FlowRequestExecutor.swift */ = {isa = PBXFileReference; fileEncoding = 4; lastKnownFileType = sourcecode.swift; path = FlowRequestExecutor.swift; sourceTree = "<group>"; };
		53839DE7237467E9001F54C8 /* FlowRequester.swift */ = {isa = PBXFileReference; fileEncoding = 4; lastKnownFileType = sourcecode.swift; path = FlowRequester.swift; sourceTree = "<group>"; };
		53839DE8237467E9001F54C8 /* FlowProvider.swift */ = {isa = PBXFileReference; fileEncoding = 4; lastKnownFileType = sourcecode.swift; path = FlowProvider.swift; sourceTree = "<group>"; };
		53839DE9237467E9001F54C8 /* FlowRequestComposer.swift */ = {isa = PBXFileReference; fileEncoding = 4; lastKnownFileType = sourcecode.swift; path = FlowRequestComposer.swift; sourceTree = "<group>"; };
		53839DEA237467E9001F54C8 /* AnyEncodable.swift */ = {isa = PBXFileReference; fileEncoding = 4; lastKnownFileType = sourcecode.swift; path = AnyEncodable.swift; sourceTree = "<group>"; };
		53839DF723746B6A001F54C8 /* BaseCodable.swift */ = {isa = PBXFileReference; lastKnownFileType = sourcecode.swift; path = BaseCodable.swift; sourceTree = "<group>"; };
		53839DF923748220001F54C8 /* BaseError.swift */ = {isa = PBXFileReference; fileEncoding = 4; lastKnownFileType = sourcecode.swift; name = BaseError.swift; path = BaseProject/Base/Network/BaseError.swift; sourceTree = SOURCE_ROOT; };
		53839DFB237482B5001F54C8 /* APIError.swift */ = {isa = PBXFileReference; fileEncoding = 4; lastKnownFileType = sourcecode.swift; path = APIError.swift; sourceTree = "<group>"; };
		53839DFF23749057001F54C8 /* AppCoordinator.swift */ = {isa = PBXFileReference; fileEncoding = 4; lastKnownFileType = sourcecode.swift; path = AppCoordinator.swift; sourceTree = "<group>"; };
		53839E0023749057001F54C8 /* BaseCoordinator.swift */ = {isa = PBXFileReference; fileEncoding = 4; lastKnownFileType = sourcecode.swift; path = BaseCoordinator.swift; sourceTree = "<group>"; };
		53839E0123749057001F54C8 /* Coordinator.swift */ = {isa = PBXFileReference; fileEncoding = 4; lastKnownFileType = sourcecode.swift; path = Coordinator.swift; sourceTree = "<group>"; };
		53839E082374956F001F54C8 /* HomeViewController.swift */ = {isa = PBXFileReference; lastKnownFileType = sourcecode.swift; path = HomeViewController.swift; sourceTree = "<group>"; };
		53839E092374956F001F54C8 /* HomeViewController.xib */ = {isa = PBXFileReference; lastKnownFileType = file.xib; path = HomeViewController.xib; sourceTree = "<group>"; };
		61F55FFA936E8E7C3C54A6F1 /* Pods_BaseProject.framework */ = {isa = PBXFileReference; explicitFileType = wrapper.framework; includeInIndex = 0; path = Pods_BaseProject.framework; sourceTree = BUILT_PRODUCTS_DIR; };
		776A7B6E928D6DF5289A7C95 /* Pods-BaseProjectTests.release.xcconfig */ = {isa = PBXFileReference; includeInIndex = 1; lastKnownFileType = text.xcconfig; name = "Pods-BaseProjectTests.release.xcconfig"; path = "Target Support Files/Pods-BaseProjectTests/Pods-BaseProjectTests.release.xcconfig"; sourceTree = "<group>"; };
		A410656EC2FFC65ADEB85DCB /* Pods-BaseProject.release.xcconfig */ = {isa = PBXFileReference; includeInIndex = 1; lastKnownFileType = text.xcconfig; name = "Pods-BaseProject.release.xcconfig"; path = "Target Support Files/Pods-BaseProject/Pods-BaseProject.release.xcconfig"; sourceTree = "<group>"; };
		A651984156CC4E92BC4CFF7B /* Pods_BaseProjectTests.framework */ = {isa = PBXFileReference; explicitFileType = wrapper.framework; includeInIndex = 0; path = Pods_BaseProjectTests.framework; sourceTree = BUILT_PRODUCTS_DIR; };
		CEDC3D9198851A984EC12472 /* Pods-BaseProject-BaseProjectUITests.release.xcconfig */ = {isa = PBXFileReference; includeInIndex = 1; lastKnownFileType = text.xcconfig; name = "Pods-BaseProject-BaseProjectUITests.release.xcconfig"; path = "Target Support Files/Pods-BaseProject-BaseProjectUITests/Pods-BaseProject-BaseProjectUITests.release.xcconfig"; sourceTree = "<group>"; };
		CEF9EA1DCE41335A7E87C8AB /* Pods-BaseProject-BaseProjectUITests.debug.xcconfig */ = {isa = PBXFileReference; includeInIndex = 1; lastKnownFileType = text.xcconfig; name = "Pods-BaseProject-BaseProjectUITests.debug.xcconfig"; path = "Target Support Files/Pods-BaseProject-BaseProjectUITests/Pods-BaseProject-BaseProjectUITests.debug.xcconfig"; sourceTree = "<group>"; };
		EEF5A332B98FDD5A5F8CDD88 /* Pods-BaseProject.debug.xcconfig */ = {isa = PBXFileReference; includeInIndex = 1; lastKnownFileType = text.xcconfig; name = "Pods-BaseProject.debug.xcconfig"; path = "Target Support Files/Pods-BaseProject/Pods-BaseProject.debug.xcconfig"; sourceTree = "<group>"; };
/* End PBXFileReference section */

/* Begin PBXFrameworksBuildPhase section */
		53839D8323733F39001F54C8 /* Frameworks */ = {
			isa = PBXFrameworksBuildPhase;
			buildActionMask = 2147483647;
			files = (
				0BC608905C91E6AFF0367D12 /* Pods_BaseProject.framework in Frameworks */,
			);
			runOnlyForDeploymentPostprocessing = 0;
		};
		53839D9723733F3A001F54C8 /* Frameworks */ = {
			isa = PBXFrameworksBuildPhase;
			buildActionMask = 2147483647;
			files = (
				75588FC81535045FB5801FEC /* Pods_BaseProjectTests.framework in Frameworks */,
			);
			runOnlyForDeploymentPostprocessing = 0;
		};
		53839DA223733F3A001F54C8 /* Frameworks */ = {
			isa = PBXFrameworksBuildPhase;
			buildActionMask = 2147483647;
			files = (
				665BF13AF3F1F7959461C0D0 /* Pods_BaseProject_BaseProjectUITests.framework in Frameworks */,
			);
			runOnlyForDeploymentPostprocessing = 0;
		};
/* End PBXFrameworksBuildPhase section */

/* Begin PBXGroup section */
		0395A51E013B646DD9B7119B /* Frameworks */ = {
			isa = PBXGroup;
			children = (
				61F55FFA936E8E7C3C54A6F1 /* Pods_BaseProject.framework */,
				093235B5AE5061024C77E888 /* Pods_BaseProject_BaseProjectUITests.framework */,
				A651984156CC4E92BC4CFF7B /* Pods_BaseProjectTests.framework */,
			);
			name = Frameworks;
			sourceTree = "<group>";
		};
		44D34A755E8C942C2CB4CFD1 /* Pods */ = {
			isa = PBXGroup;
			children = (
				EEF5A332B98FDD5A5F8CDD88 /* Pods-BaseProject.debug.xcconfig */,
				A410656EC2FFC65ADEB85DCB /* Pods-BaseProject.release.xcconfig */,
				CEF9EA1DCE41335A7E87C8AB /* Pods-BaseProject-BaseProjectUITests.debug.xcconfig */,
				CEDC3D9198851A984EC12472 /* Pods-BaseProject-BaseProjectUITests.release.xcconfig */,
				4470E525DAD2D191EC73B81F /* Pods-BaseProjectTests.debug.xcconfig */,
				776A7B6E928D6DF5289A7C95 /* Pods-BaseProjectTests.release.xcconfig */,
			);
			path = Pods;
			sourceTree = "<group>";
		};
		53839D7D23733F39001F54C8 = {
			isa = PBXGroup;
			children = (
				53839D8823733F39001F54C8 /* BaseProject */,
				53839D9D23733F3A001F54C8 /* BaseProjectTests */,
				53839DA823733F3A001F54C8 /* BaseProjectUITests */,
				53839D8723733F39001F54C8 /* Products */,
				44D34A755E8C942C2CB4CFD1 /* Pods */,
				0395A51E013B646DD9B7119B /* Frameworks */,
			);
			sourceTree = "<group>";
		};
		53839D8723733F39001F54C8 /* Products */ = {
			isa = PBXGroup;
			children = (
				53839D8623733F39001F54C8 /* BaseProject.app */,
				53839D9A23733F3A001F54C8 /* BaseProjectTests.xctest */,
				53839DA523733F3A001F54C8 /* BaseProjectUITests.xctest */,
			);
			name = Products;
			sourceTree = "<group>";
		};
		53839D8823733F39001F54C8 /* BaseProject */ = {
			isa = PBXGroup;
			children = (
				53839DCF237345A4001F54C8 /* Base */,
				53839DBE23734337001F54C8 /* Resources */,
				53839DB72373406F001F54C8 /* Extensions */,
				53839DBA237340E4001F54C8 /* Models */,
				53839DBB237340EE001F54C8 /* Services */,
				53839DB923734094001F54C8 /* Features */,
				53839DBC23734231001F54C8 /* Environment.swift */,
				53839D8923733F39001F54C8 /* AppDelegate.swift */,
				53839D9023733F3A001F54C8 /* Assets.xcassets */,
				53839D9523733F3A001F54C8 /* Info.plist */,
			);
			path = BaseProject;
			sourceTree = "<group>";
		};
		53839D9D23733F3A001F54C8 /* BaseProjectTests */ = {
			isa = PBXGroup;
			children = (
				53839D9E23733F3A001F54C8 /* BaseProjectTests.swift */,
				53839DA023733F3A001F54C8 /* Info.plist */,
			);
			path = BaseProjectTests;
			sourceTree = "<group>";
		};
		53839DA823733F3A001F54C8 /* BaseProjectUITests */ = {
			isa = PBXGroup;
			children = (
				53839DA923733F3A001F54C8 /* BaseProjectUITests.swift */,
				53839DAB23733F3A001F54C8 /* Info.plist */,
			);
			path = BaseProjectUITests;
			sourceTree = "<group>";
		};
		53839DB72373406F001F54C8 /* Extensions */ = {
			isa = PBXGroup;
			children = (
				53839DC423734543001F54C8 /* Global+Extensions.swift */,
				53839DC323734543001F54C8 /* Identifier+NameExtensions.swift */,
				53839DC523734543001F54C8 /* String+Extensions.swift */,
				53839DC823734543001F54C8 /* UIImage+Extensions.swift */,
				53839DC723734543001F54C8 /* UIStoryboard.swift */,
				53839DC623734543001F54C8 /* UIView+Extensions.swift */,
			);
			path = Extensions;
			sourceTree = "<group>";
		};
		53839DB82373408B001F54C8 /* Components */ = {
			isa = PBXGroup;
			children = (
			);
			path = Components;
			sourceTree = "<group>";
		};
		53839DB923734094001F54C8 /* Features */ = {
			isa = PBXGroup;
			children = (
				53839E0623749525001F54C8 /* Home */,
				53839DD823734620001F54C8 /* LaunchScreen */,
			);
			path = Features;
			sourceTree = "<group>";
		};
		53839DBA237340E4001F54C8 /* Models */ = {
			isa = PBXGroup;
			children = (
			);
			path = Models;
			sourceTree = "<group>";
		};
		53839DBB237340EE001F54C8 /* Services */ = {
			isa = PBXGroup;
			children = (
			);
			path = Services;
			sourceTree = "<group>";
		};
		53839DBE23734337001F54C8 /* Resources */ = {
			isa = PBXGroup;
			children = (
				53839DB82373408B001F54C8 /* Components */,
				53839DBF23734352001F54C8 /* Localizable.strings */,
				53839DC123734372001F54C8 /* LocalizableStrings.swift */,
			);
			path = Resources;
			sourceTree = "<group>";
		};
		53839DCF237345A4001F54C8 /* Base */ = {
			isa = PBXGroup;
			children = (
				53839E0523749254001F54C8 /* Common */,
				53839DFE23749041001F54C8 /* Coordinator */,
				53839DFD23748C5D001F54C8 /* Network */,
			);
			path = Base;
			sourceTree = "<group>";
		};
		53839DD823734620001F54C8 /* LaunchScreen */ = {
			isa = PBXGroup;
			children = (
				53839D9223733F3A001F54C8 /* LaunchScreen.storyboard */,
			);
			path = LaunchScreen;
			sourceTree = "<group>";
		};
		53839DDD237467E9001F54C8 /* Flow */ = {
			isa = PBXGroup;
			children = (
				53839DDE237467E9001F54C8 /* FlowError.swift */,
				53839DDF237467E9001F54C8 /* FlowTarget.swift */,
				53839DE0237467E9001F54C8 /* FlowMultipartFormData.swift */,
				53839DE1237467E9001F54C8 /* Extension */,
				53839DE6237467E9001F54C8 /* FlowRequestExecutor.swift */,
				53839DE7237467E9001F54C8 /* FlowRequester.swift */,
				53839DE8237467E9001F54C8 /* FlowProvider.swift */,
				53839DE9237467E9001F54C8 /* FlowRequestComposer.swift */,
				53839DEA237467E9001F54C8 /* AnyEncodable.swift */,
			);
			path = Flow;
			sourceTree = "<group>";
		};
		53839DE1237467E9001F54C8 /* Extension */ = {
			isa = PBXGroup;
			children = (
				53839DE2237467E9001F54C8 /* URLResponse+StatusCode.swift */,
				53839DE3237467E9001F54C8 /* URLRequest+Multipart.swift */,
				53839DE4237467E9001F54C8 /* URL+Flow.swift */,
				53839DE5237467E9001F54C8 /* URLRequest+Encode.swift */,
			);
			path = Extension;
			sourceTree = "<group>";
		};
		53839DFD23748C5D001F54C8 /* Network */ = {
			isa = PBXGroup;
			children = (
				53839DDD237467E9001F54C8 /* Flow */,
				53839DFB237482B5001F54C8 /* APIError.swift */,
				53839DF923748220001F54C8 /* BaseError.swift */,
				53839DDB237465EA001F54C8 /* BaseService.swift */,
				53839DD0237345D2001F54C8 /* Reachability.swift */,
				53839DD9237465AB001F54C8 /* Result.swift */,
				53839DF723746B6A001F54C8 /* BaseCodable.swift */,
			);
			path = Network;
			sourceTree = "<group>";
		};
		53839DFE23749041001F54C8 /* Coordinator */ = {
			isa = PBXGroup;
			children = (
				53839DFF23749057001F54C8 /* AppCoordinator.swift */,
				53839E0023749057001F54C8 /* BaseCoordinator.swift */,
				53839E0123749057001F54C8 /* Coordinator.swift */,
			);
			path = Coordinator;
			sourceTree = "<group>";
		};
		53839E0523749254001F54C8 /* Common */ = {
			isa = PBXGroup;
			children = (
				53839DD3237345D2001F54C8 /* BaseViewController.swift */,
				53839DD1237345D2001F54C8 /* BaseViewModel.swift */,
				53839DD2237345D2001F54C8 /* Identifiable.swift */,
			);
			path = Common;
			sourceTree = "<group>";
		};
		53839E0623749525001F54C8 /* Home */ = {
			isa = PBXGroup;
			children = (
				53839E072374954E001F54C8 /* View */,
			);
			path = Home;
			sourceTree = "<group>";
		};
		53839E072374954E001F54C8 /* View */ = {
			isa = PBXGroup;
			children = (
				53839E082374956F001F54C8 /* HomeViewController.swift */,
				53839E092374956F001F54C8 /* HomeViewController.xib */,
			);
			path = View;
			sourceTree = "<group>";
		};
/* End PBXGroup section */

/* Begin PBXNativeTarget section */
		53839D8523733F39001F54C8 /* BaseProject */ = {
			isa = PBXNativeTarget;
			buildConfigurationList = 53839DAE23733F3A001F54C8 /* Build configuration list for PBXNativeTarget "BaseProject" */;
			buildPhases = (
				D1A9973E89F4B9A0A304888C /* [CP] Check Pods Manifest.lock */,
				53839D8223733F39001F54C8 /* Sources */,
				53839D8323733F39001F54C8 /* Frameworks */,
				53839D8423733F39001F54C8 /* Resources */,
				7B3C3B85112F38DC5781814C /* [CP] Embed Pods Frameworks */,
			);
			buildRules = (
			);
			dependencies = (
			);
			name = BaseProject;
			productName = BaseProject;
			productReference = 53839D8623733F39001F54C8 /* BaseProject.app */;
			productType = "com.apple.product-type.application";
		};
		53839D9923733F3A001F54C8 /* BaseProjectTests */ = {
			isa = PBXNativeTarget;
			buildConfigurationList = 53839DB123733F3A001F54C8 /* Build configuration list for PBXNativeTarget "BaseProjectTests" */;
			buildPhases = (
				4F799402A5EE23D36F82F126 /* [CP] Check Pods Manifest.lock */,
				53839D9623733F3A001F54C8 /* Sources */,
				53839D9723733F3A001F54C8 /* Frameworks */,
				53839D9823733F3A001F54C8 /* Resources */,
			);
			buildRules = (
			);
			dependencies = (
				53839D9C23733F3A001F54C8 /* PBXTargetDependency */,
			);
			name = BaseProjectTests;
			productName = BaseProjectTests;
			productReference = 53839D9A23733F3A001F54C8 /* BaseProjectTests.xctest */;
			productType = "com.apple.product-type.bundle.unit-test";
		};
		53839DA423733F3A001F54C8 /* BaseProjectUITests */ = {
			isa = PBXNativeTarget;
			buildConfigurationList = 53839DB423733F3A001F54C8 /* Build configuration list for PBXNativeTarget "BaseProjectUITests" */;
			buildPhases = (
				4B0A5AB19440C922B231F442 /* [CP] Check Pods Manifest.lock */,
				53839DA123733F3A001F54C8 /* Sources */,
				53839DA223733F3A001F54C8 /* Frameworks */,
				53839DA323733F3A001F54C8 /* Resources */,
				9EEDA18407B50B136D340A9C /* [CP] Embed Pods Frameworks */,
			);
			buildRules = (
			);
			dependencies = (
				53839DA723733F3A001F54C8 /* PBXTargetDependency */,
			);
			name = BaseProjectUITests;
			productName = BaseProjectUITests;
			productReference = 53839DA523733F3A001F54C8 /* BaseProjectUITests.xctest */;
			productType = "com.apple.product-type.bundle.ui-testing";
		};
/* End PBXNativeTarget section */

/* Begin PBXProject section */
		53839D7E23733F39001F54C8 /* Project object */ = {
			isa = PBXProject;
			attributes = {
				LastSwiftUpdateCheck = 1030;
				LastUpgradeCheck = 1030;
				ORGANIZATIONNAME = "Iteris Consultoria";
				TargetAttributes = {
					53839D8523733F39001F54C8 = {
						CreatedOnToolsVersion = 10.3;
					};
					53839D9923733F3A001F54C8 = {
						CreatedOnToolsVersion = 10.3;
						TestTargetID = 53839D8523733F39001F54C8;
					};
					53839DA423733F3A001F54C8 = {
						CreatedOnToolsVersion = 10.3;
						TestTargetID = 53839D8523733F39001F54C8;
					};
				};
			};
			buildConfigurationList = 53839D8123733F39001F54C8 /* Build configuration list for PBXProject "BaseProject" */;
			compatibilityVersion = "Xcode 9.3";
			developmentRegion = en;
			hasScannedForEncodings = 0;
			knownRegions = (
				en,
				Base,
			);
			mainGroup = 53839D7D23733F39001F54C8;
			productRefGroup = 53839D8723733F39001F54C8 /* Products */;
			projectDirPath = "";
			projectRoot = "";
			targets = (
				53839D8523733F39001F54C8 /* BaseProject */,
				53839D9923733F3A001F54C8 /* BaseProjectTests */,
				53839DA423733F3A001F54C8 /* BaseProjectUITests */,
			);
		};
/* End PBXProject section */

/* Begin PBXResourcesBuildPhase section */
		53839D8423733F39001F54C8 /* Resources */ = {
			isa = PBXResourcesBuildPhase;
			buildActionMask = 2147483647;
			files = (
				53839DC023734352001F54C8 /* Localizable.strings in Resources */,
				53839D9423733F3A001F54C8 /* LaunchScreen.storyboard in Resources */,
				53839D9123733F3A001F54C8 /* Assets.xcassets in Resources */,
				53839E0B2374956F001F54C8 /* HomeViewController.xib in Resources */,
			);
			runOnlyForDeploymentPostprocessing = 0;
		};
		53839D9823733F3A001F54C8 /* Resources */ = {
			isa = PBXResourcesBuildPhase;
			buildActionMask = 2147483647;
			files = (
			);
			runOnlyForDeploymentPostprocessing = 0;
		};
		53839DA323733F3A001F54C8 /* Resources */ = {
			isa = PBXResourcesBuildPhase;
			buildActionMask = 2147483647;
			files = (
			);
			runOnlyForDeploymentPostprocessing = 0;
		};
/* End PBXResourcesBuildPhase section */

/* Begin PBXShellScriptBuildPhase section */
		4B0A5AB19440C922B231F442 /* [CP] Check Pods Manifest.lock */ = {
			isa = PBXShellScriptBuildPhase;
			buildActionMask = 2147483647;
			files = (
			);
			inputFileListPaths = (
			);
			inputPaths = (
				"${PODS_PODFILE_DIR_PATH}/Podfile.lock",
				"${PODS_ROOT}/Manifest.lock",
			);
			name = "[CP] Check Pods Manifest.lock";
			outputFileListPaths = (
			);
			outputPaths = (
				"$(DERIVED_FILE_DIR)/Pods-BaseProject-BaseProjectUITests-checkManifestLockResult.txt",
			);
			runOnlyForDeploymentPostprocessing = 0;
			shellPath = /bin/sh;
			shellScript = "diff \"${PODS_PODFILE_DIR_PATH}/Podfile.lock\" \"${PODS_ROOT}/Manifest.lock\" > /dev/null\nif [ $? != 0 ] ; then\n    # print error to STDERR\n    echo \"error: The sandbox is not in sync with the Podfile.lock. Run 'pod install' or update your CocoaPods installation.\" >&2\n    exit 1\nfi\n# This output is used by Xcode 'outputs' to avoid re-running this script phase.\necho \"SUCCESS\" > \"${SCRIPT_OUTPUT_FILE_0}\"\n";
			showEnvVarsInLog = 0;
		};
		4F799402A5EE23D36F82F126 /* [CP] Check Pods Manifest.lock */ = {
			isa = PBXShellScriptBuildPhase;
			buildActionMask = 2147483647;
			files = (
			);
			inputFileListPaths = (
			);
			inputPaths = (
				"${PODS_PODFILE_DIR_PATH}/Podfile.lock",
				"${PODS_ROOT}/Manifest.lock",
			);
			name = "[CP] Check Pods Manifest.lock";
			outputFileListPaths = (
			);
			outputPaths = (
				"$(DERIVED_FILE_DIR)/Pods-BaseProjectTests-checkManifestLockResult.txt",
			);
			runOnlyForDeploymentPostprocessing = 0;
			shellPath = /bin/sh;
			shellScript = "diff \"${PODS_PODFILE_DIR_PATH}/Podfile.lock\" \"${PODS_ROOT}/Manifest.lock\" > /dev/null\nif [ $? != 0 ] ; then\n    # print error to STDERR\n    echo \"error: The sandbox is not in sync with the Podfile.lock. Run 'pod install' or update your CocoaPods installation.\" >&2\n    exit 1\nfi\n# This output is used by Xcode 'outputs' to avoid re-running this script phase.\necho \"SUCCESS\" > \"${SCRIPT_OUTPUT_FILE_0}\"\n";
			showEnvVarsInLog = 0;
		};
		7B3C3B85112F38DC5781814C /* [CP] Embed Pods Frameworks */ = {
			isa = PBXShellScriptBuildPhase;
			buildActionMask = 2147483647;
			files = (
			);
			inputFileListPaths = (
				"${PODS_ROOT}/Target Support Files/Pods-BaseProject/Pods-BaseProject-frameworks-${CONFIGURATION}-input-files.xcfilelist",
			);
			name = "[CP] Embed Pods Frameworks";
			outputFileListPaths = (
				"${PODS_ROOT}/Target Support Files/Pods-BaseProject/Pods-BaseProject-frameworks-${CONFIGURATION}-output-files.xcfilelist",
			);
			runOnlyForDeploymentPostprocessing = 0;
			shellPath = /bin/sh;
			shellScript = "\"${PODS_ROOT}/Target Support Files/Pods-BaseProject/Pods-BaseProject-frameworks.sh\"\n";
			showEnvVarsInLog = 0;
		};
		9EEDA18407B50B136D340A9C /* [CP] Embed Pods Frameworks */ = {
			isa = PBXShellScriptBuildPhase;
			buildActionMask = 2147483647;
			files = (
			);
			inputFileListPaths = (
				"${PODS_ROOT}/Target Support Files/Pods-BaseProject-BaseProjectUITests/Pods-BaseProject-BaseProjectUITests-frameworks-${CONFIGURATION}-input-files.xcfilelist",
			);
			name = "[CP] Embed Pods Frameworks";
			outputFileListPaths = (
				"${PODS_ROOT}/Target Support Files/Pods-BaseProject-BaseProjectUITests/Pods-BaseProject-BaseProjectUITests-frameworks-${CONFIGURATION}-output-files.xcfilelist",
			);
			runOnlyForDeploymentPostprocessing = 0;
			shellPath = /bin/sh;
			shellScript = "\"${PODS_ROOT}/Target Support Files/Pods-BaseProject-BaseProjectUITests/Pods-BaseProject-BaseProjectUITests-frameworks.sh\"\n";
			showEnvVarsInLog = 0;
		};
		D1A9973E89F4B9A0A304888C /* [CP] Check Pods Manifest.lock */ = {
			isa = PBXShellScriptBuildPhase;
			buildActionMask = 2147483647;
			files = (
			);
			inputFileListPaths = (
			);
			inputPaths = (
				"${PODS_PODFILE_DIR_PATH}/Podfile.lock",
				"${PODS_ROOT}/Manifest.lock",
			);
			name = "[CP] Check Pods Manifest.lock";
			outputFileListPaths = (
			);
			outputPaths = (
				"$(DERIVED_FILE_DIR)/Pods-BaseProject-checkManifestLockResult.txt",
			);
			runOnlyForDeploymentPostprocessing = 0;
			shellPath = /bin/sh;
			shellScript = "diff \"${PODS_PODFILE_DIR_PATH}/Podfile.lock\" \"${PODS_ROOT}/Manifest.lock\" > /dev/null\nif [ $? != 0 ] ; then\n    # print error to STDERR\n    echo \"error: The sandbox is not in sync with the Podfile.lock. Run 'pod install' or update your CocoaPods installation.\" >&2\n    exit 1\nfi\n# This output is used by Xcode 'outputs' to avoid re-running this script phase.\necho \"SUCCESS\" > \"${SCRIPT_OUTPUT_FILE_0}\"\n";
			showEnvVarsInLog = 0;
		};
/* End PBXShellScriptBuildPhase section */

/* Begin PBXSourcesBuildPhase section */
		53839D8223733F39001F54C8 /* Sources */ = {
			isa = PBXSourcesBuildPhase;
			buildActionMask = 2147483647;
			files = (
				53839DC923734543001F54C8 /* Identifier+NameExtensions.swift in Sources */,
				53839DF6237467E9001F54C8 /* AnyEncodable.swift in Sources */,
				53839DCB23734543001F54C8 /* String+Extensions.swift in Sources */,
				53839E0A2374956F001F54C8 /* HomeViewController.swift in Sources */,
				53839DBD23734231001F54C8 /* Environment.swift in Sources */,
				53839E0223749057001F54C8 /* AppCoordinator.swift in Sources */,
				53839D8A23733F39001F54C8 /* AppDelegate.swift in Sources */,
				53839DFA23748220001F54C8 /* BaseError.swift in Sources */,
				53839DF823746B6A001F54C8 /* BaseCodable.swift in Sources */,
				53839DDA237465AB001F54C8 /* Result.swift in Sources */,
				53839DEC237467E9001F54C8 /* FlowTarget.swift in Sources */,
				53839DF3237467E9001F54C8 /* FlowRequester.swift in Sources */,
				53839DF4237467E9001F54C8 /* FlowProvider.swift in Sources */,
				53839DD7237345D2001F54C8 /* BaseViewController.swift in Sources */,
				53839DF0237467E9001F54C8 /* URL+Flow.swift in Sources */,
				53839DD5237345D2001F54C8 /* BaseViewModel.swift in Sources */,
				53839E0323749057001F54C8 /* BaseCoordinator.swift in Sources */,
				53839DD6237345D2001F54C8 /* Identifiable.swift in Sources */,
				53839E0423749057001F54C8 /* Coordinator.swift in Sources */,
				53839DDC237465EB001F54C8 /* BaseService.swift in Sources */,
				53839DF5237467E9001F54C8 /* FlowRequestComposer.swift in Sources */,
				53839DEF237467E9001F54C8 /* URLRequest+Multipart.swift in Sources */,
				53839DCA23734543001F54C8 /* Global+Extensions.swift in Sources */,
				53839DCD23734543001F54C8 /* UIStoryboard.swift in Sources */,
				53839DD4237345D2001F54C8 /* Reachability.swift in Sources */,
				53839DEB237467E9001F54C8 /* FlowError.swift in Sources */,
				53839DCE23734543001F54C8 /* UIImage+Extensions.swift in Sources */,
				53839DFC237482B5001F54C8 /* APIError.swift in Sources */,
				53839DF1237467E9001F54C8 /* URLRequest+Encode.swift in Sources */,
				53839DEE237467E9001F54C8 /* URLResponse+StatusCode.swift in Sources */,
				53839DCC23734543001F54C8 /* UIView+Extensions.swift in Sources */,
				53839DF2237467E9001F54C8 /* FlowRequestExecutor.swift in Sources */,
				53839DED237467E9001F54C8 /* FlowMultipartFormData.swift in Sources */,
				53839DC223734372001F54C8 /* LocalizableStrings.swift in Sources */,
			);
			runOnlyForDeploymentPostprocessing = 0;
		};
		53839D9623733F3A001F54C8 /* Sources */ = {
			isa = PBXSourcesBuildPhase;
			buildActionMask = 2147483647;
			files = (
				53839D9F23733F3A001F54C8 /* BaseProjectTests.swift in Sources */,
			);
			runOnlyForDeploymentPostprocessing = 0;
		};
		53839DA123733F3A001F54C8 /* Sources */ = {
			isa = PBXSourcesBuildPhase;
			buildActionMask = 2147483647;
			files = (
				53839DAA23733F3A001F54C8 /* BaseProjectUITests.swift in Sources */,
			);
			runOnlyForDeploymentPostprocessing = 0;
		};
/* End PBXSourcesBuildPhase section */

/* Begin PBXTargetDependency section */
		53839D9C23733F3A001F54C8 /* PBXTargetDependency */ = {
			isa = PBXTargetDependency;
			target = 53839D8523733F39001F54C8 /* BaseProject */;
			targetProxy = 53839D9B23733F3A001F54C8 /* PBXContainerItemProxy */;
		};
		53839DA723733F3A001F54C8 /* PBXTargetDependency */ = {
			isa = PBXTargetDependency;
			target = 53839D8523733F39001F54C8 /* BaseProject */;
			targetProxy = 53839DA623733F3A001F54C8 /* PBXContainerItemProxy */;
		};
/* End PBXTargetDependency section */

/* Begin PBXVariantGroup section */
		53839D9223733F3A001F54C8 /* LaunchScreen.storyboard */ = {
			isa = PBXVariantGroup;
			children = (
				53839D9323733F3A001F54C8 /* Base */,
			);
			name = LaunchScreen.storyboard;
			sourceTree = "<group>";
		};
/* End PBXVariantGroup section */

/* Begin XCBuildConfiguration section */
		53839DAC23733F3A001F54C8 /* Debug */ = {
			isa = XCBuildConfiguration;
			buildSettings = {
				ALWAYS_SEARCH_USER_PATHS = NO;
				CLANG_ANALYZER_NONNULL = YES;
				CLANG_ANALYZER_NUMBER_OBJECT_CONVERSION = YES_AGGRESSIVE;
				CLANG_CXX_LANGUAGE_STANDARD = "gnu++14";
				CLANG_CXX_LIBRARY = "libc++";
				CLANG_ENABLE_MODULES = YES;
				CLANG_ENABLE_OBJC_ARC = YES;
				CLANG_ENABLE_OBJC_WEAK = YES;
				CLANG_WARN_BLOCK_CAPTURE_AUTORELEASING = YES;
				CLANG_WARN_BOOL_CONVERSION = YES;
				CLANG_WARN_COMMA = YES;
				CLANG_WARN_CONSTANT_CONVERSION = YES;
				CLANG_WARN_DEPRECATED_OBJC_IMPLEMENTATIONS = YES;
				CLANG_WARN_DIRECT_OBJC_ISA_USAGE = YES_ERROR;
				CLANG_WARN_DOCUMENTATION_COMMENTS = YES;
				CLANG_WARN_EMPTY_BODY = YES;
				CLANG_WARN_ENUM_CONVERSION = YES;
				CLANG_WARN_INFINITE_RECURSION = YES;
				CLANG_WARN_INT_CONVERSION = YES;
				CLANG_WARN_NON_LITERAL_NULL_CONVERSION = YES;
				CLANG_WARN_OBJC_IMPLICIT_RETAIN_SELF = YES;
				CLANG_WARN_OBJC_LITERAL_CONVERSION = YES;
				CLANG_WARN_OBJC_ROOT_CLASS = YES_ERROR;
				CLANG_WARN_RANGE_LOOP_ANALYSIS = YES;
				CLANG_WARN_STRICT_PROTOTYPES = YES;
				CLANG_WARN_SUSPICIOUS_MOVE = YES;
				CLANG_WARN_UNGUARDED_AVAILABILITY = YES_AGGRESSIVE;
				CLANG_WARN_UNREACHABLE_CODE = YES;
				CLANG_WARN__DUPLICATE_METHOD_MATCH = YES;
				CODE_SIGN_IDENTITY = "iPhone Developer";
				COPY_PHASE_STRIP = NO;
				DEBUG_INFORMATION_FORMAT = dwarf;
				ENABLE_STRICT_OBJC_MSGSEND = YES;
				ENABLE_TESTABILITY = YES;
				GCC_C_LANGUAGE_STANDARD = gnu11;
				GCC_DYNAMIC_NO_PIC = NO;
				GCC_NO_COMMON_BLOCKS = YES;
				GCC_OPTIMIZATION_LEVEL = 0;
				GCC_PREPROCESSOR_DEFINITIONS = (
					"DEBUG=1",
					"$(inherited)",
				);
				GCC_WARN_64_TO_32_BIT_CONVERSION = YES;
				GCC_WARN_ABOUT_RETURN_TYPE = YES_ERROR;
				GCC_WARN_UNDECLARED_SELECTOR = YES;
				GCC_WARN_UNINITIALIZED_AUTOS = YES_AGGRESSIVE;
				GCC_WARN_UNUSED_FUNCTION = YES;
				GCC_WARN_UNUSED_VARIABLE = YES;
				IPHONEOS_DEPLOYMENT_TARGET = 12.4;
				MTL_ENABLE_DEBUG_INFO = INCLUDE_SOURCE;
				MTL_FAST_MATH = YES;
				ONLY_ACTIVE_ARCH = YES;
				SDKROOT = iphoneos;
				SWIFT_ACTIVE_COMPILATION_CONDITIONS = DEBUG;
				SWIFT_OPTIMIZATION_LEVEL = "-Onone";
			};
			name = Debug;
		};
		53839DAD23733F3A001F54C8 /* Release */ = {
			isa = XCBuildConfiguration;
			buildSettings = {
				ALWAYS_SEARCH_USER_PATHS = NO;
				CLANG_ANALYZER_NONNULL = YES;
				CLANG_ANALYZER_NUMBER_OBJECT_CONVERSION = YES_AGGRESSIVE;
				CLANG_CXX_LANGUAGE_STANDARD = "gnu++14";
				CLANG_CXX_LIBRARY = "libc++";
				CLANG_ENABLE_MODULES = YES;
				CLANG_ENABLE_OBJC_ARC = YES;
				CLANG_ENABLE_OBJC_WEAK = YES;
				CLANG_WARN_BLOCK_CAPTURE_AUTORELEASING = YES;
				CLANG_WARN_BOOL_CONVERSION = YES;
				CLANG_WARN_COMMA = YES;
				CLANG_WARN_CONSTANT_CONVERSION = YES;
				CLANG_WARN_DEPRECATED_OBJC_IMPLEMENTATIONS = YES;
				CLANG_WARN_DIRECT_OBJC_ISA_USAGE = YES_ERROR;
				CLANG_WARN_DOCUMENTATION_COMMENTS = YES;
				CLANG_WARN_EMPTY_BODY = YES;
				CLANG_WARN_ENUM_CONVERSION = YES;
				CLANG_WARN_INFINITE_RECURSION = YES;
				CLANG_WARN_INT_CONVERSION = YES;
				CLANG_WARN_NON_LITERAL_NULL_CONVERSION = YES;
				CLANG_WARN_OBJC_IMPLICIT_RETAIN_SELF = YES;
				CLANG_WARN_OBJC_LITERAL_CONVERSION = YES;
				CLANG_WARN_OBJC_ROOT_CLASS = YES_ERROR;
				CLANG_WARN_RANGE_LOOP_ANALYSIS = YES;
				CLANG_WARN_STRICT_PROTOTYPES = YES;
				CLANG_WARN_SUSPICIOUS_MOVE = YES;
				CLANG_WARN_UNGUARDED_AVAILABILITY = YES_AGGRESSIVE;
				CLANG_WARN_UNREACHABLE_CODE = YES;
				CLANG_WARN__DUPLICATE_METHOD_MATCH = YES;
				CODE_SIGN_IDENTITY = "iPhone Developer";
				COPY_PHASE_STRIP = NO;
				DEBUG_INFORMATION_FORMAT = "dwarf-with-dsym";
				ENABLE_NS_ASSERTIONS = NO;
				ENABLE_STRICT_OBJC_MSGSEND = YES;
				GCC_C_LANGUAGE_STANDARD = gnu11;
				GCC_NO_COMMON_BLOCKS = YES;
				GCC_WARN_64_TO_32_BIT_CONVERSION = YES;
				GCC_WARN_ABOUT_RETURN_TYPE = YES_ERROR;
				GCC_WARN_UNDECLARED_SELECTOR = YES;
				GCC_WARN_UNINITIALIZED_AUTOS = YES_AGGRESSIVE;
				GCC_WARN_UNUSED_FUNCTION = YES;
				GCC_WARN_UNUSED_VARIABLE = YES;
				IPHONEOS_DEPLOYMENT_TARGET = 12.4;
				MTL_ENABLE_DEBUG_INFO = NO;
				MTL_FAST_MATH = YES;
				SDKROOT = iphoneos;
				SWIFT_COMPILATION_MODE = wholemodule;
				SWIFT_OPTIMIZATION_LEVEL = "-O";
				VALIDATE_PRODUCT = YES;
			};
			name = Release;
		};
		53839DAF23733F3A001F54C8 /* Debug */ = {
			isa = XCBuildConfiguration;
			baseConfigurationReference = EEF5A332B98FDD5A5F8CDD88 /* Pods-BaseProject.debug.xcconfig */;
			buildSettings = {
				ASSETCATALOG_COMPILER_APPICON_NAME = AppIcon;
				CODE_SIGN_STYLE = Automatic;
				INFOPLIST_FILE = BaseProject/Info.plist;
				LD_RUNPATH_SEARCH_PATHS = (
					"$(inherited)",
					"@executable_path/Frameworks",
				);
				PRODUCT_BUNDLE_IDENTIFIER = br.com.iteris.mobile.BaseProject;
				PRODUCT_NAME = "$(TARGET_NAME)";
				SWIFT_VERSION = 5.0;
				TARGETED_DEVICE_FAMILY = "1,2";
			};
			name = Debug;
		};
		53839DB023733F3A001F54C8 /* Release */ = {
			isa = XCBuildConfiguration;
			baseConfigurationReference = A410656EC2FFC65ADEB85DCB /* Pods-BaseProject.release.xcconfig */;
			buildSettings = {
				ASSETCATALOG_COMPILER_APPICON_NAME = AppIcon;
				CODE_SIGN_STYLE = Automatic;
				INFOPLIST_FILE = BaseProject/Info.plist;
				LD_RUNPATH_SEARCH_PATHS = (
					"$(inherited)",
					"@executable_path/Frameworks",
				);
				PRODUCT_BUNDLE_IDENTIFIER = br.com.iteris.mobile.BaseProject;
				PRODUCT_NAME = "$(TARGET_NAME)";
				SWIFT_VERSION = 5.0;
				TARGETED_DEVICE_FAMILY = "1,2";
			};
			name = Release;
		};
		53839DB223733F3A001F54C8 /* Debug */ = {
			isa = XCBuildConfiguration;
			baseConfigurationReference = 4470E525DAD2D191EC73B81F /* Pods-BaseProjectTests.debug.xcconfig */;
			buildSettings = {
				ALWAYS_EMBED_SWIFT_STANDARD_LIBRARIES = YES;
				BUNDLE_LOADER = "$(TEST_HOST)";
				CODE_SIGN_STYLE = Automatic;
				INFOPLIST_FILE = BaseProjectTests/Info.plist;
				LD_RUNPATH_SEARCH_PATHS = (
					"$(inherited)",
					"@executable_path/Frameworks",
					"@loader_path/Frameworks",
				);
				PRODUCT_BUNDLE_IDENTIFIER = br.com.iteris.mobile.BaseProjectTests;
				PRODUCT_NAME = "$(TARGET_NAME)";
				SWIFT_VERSION = 5.0;
				TARGETED_DEVICE_FAMILY = "1,2";
				TEST_HOST = "$(BUILT_PRODUCTS_DIR)/BaseProject.app/BaseProject";
			};
			name = Debug;
		};
		53839DB323733F3A001F54C8 /* Release */ = {
			isa = XCBuildConfiguration;
			baseConfigurationReference = 776A7B6E928D6DF5289A7C95 /* Pods-BaseProjectTests.release.xcconfig */;
			buildSettings = {
				ALWAYS_EMBED_SWIFT_STANDARD_LIBRARIES = YES;
				BUNDLE_LOADER = "$(TEST_HOST)";
				CODE_SIGN_STYLE = Automatic;
				INFOPLIST_FILE = BaseProjectTests/Info.plist;
				LD_RUNPATH_SEARCH_PATHS = (
					"$(inherited)",
					"@executable_path/Frameworks",
					"@loader_path/Frameworks",
				);
				PRODUCT_BUNDLE_IDENTIFIER = br.com.iteris.mobile.BaseProjectTests;
				PRODUCT_NAME = "$(TARGET_NAME)";
				SWIFT_VERSION = 5.0;
				TARGETED_DEVICE_FAMILY = "1,2";
				TEST_HOST = "$(BUILT_PRODUCTS_DIR)/BaseProject.app/BaseProject";
			};
			name = Release;
		};
		53839DB523733F3A001F54C8 /* Debug */ = {
			isa = XCBuildConfiguration;
			baseConfigurationReference = CEF9EA1DCE41335A7E87C8AB /* Pods-BaseProject-BaseProjectUITests.debug.xcconfig */;
			buildSettings = {
				ALWAYS_EMBED_SWIFT_STANDARD_LIBRARIES = YES;
				CODE_SIGN_STYLE = Automatic;
				INFOPLIST_FILE = BaseProjectUITests/Info.plist;
				LD_RUNPATH_SEARCH_PATHS = (
					"$(inherited)",
					"@executable_path/Frameworks",
					"@loader_path/Frameworks",
				);
				PRODUCT_BUNDLE_IDENTIFIER = br.com.iteris.mobile.BaseProjectUITests;
				PRODUCT_NAME = "$(TARGET_NAME)";
				SWIFT_VERSION = 5.0;
				TARGETED_DEVICE_FAMILY = "1,2";
				TEST_TARGET_NAME = BaseProject;
			};
			name = Debug;
		};
		53839DB623733F3A001F54C8 /* Release */ = {
			isa = XCBuildConfiguration;
			baseConfigurationReference = CEDC3D9198851A984EC12472 /* Pods-BaseProject-BaseProjectUITests.release.xcconfig */;
			buildSettings = {
				ALWAYS_EMBED_SWIFT_STANDARD_LIBRARIES = YES;
				CODE_SIGN_STYLE = Automatic;
				INFOPLIST_FILE = BaseProjectUITests/Info.plist;
				LD_RUNPATH_SEARCH_PATHS = (
					"$(inherited)",
					"@executable_path/Frameworks",
					"@loader_path/Frameworks",
				);
				PRODUCT_BUNDLE_IDENTIFIER = br.com.iteris.mobile.BaseProjectUITests;
				PRODUCT_NAME = "$(TARGET_NAME)";
				SWIFT_VERSION = 5.0;
				TARGETED_DEVICE_FAMILY = "1,2";
				TEST_TARGET_NAME = BaseProject;
			};
			name = Release;
		};
/* End XCBuildConfiguration section */

/* Begin XCConfigurationList section */
		53839D8123733F39001F54C8 /* Build configuration list for PBXProject "BaseProject" */ = {
			isa = XCConfigurationList;
			buildConfigurations = (
				53839DAC23733F3A001F54C8 /* Debug */,
				53839DAD23733F3A001F54C8 /* Release */,
			);
			defaultConfigurationIsVisible = 0;
			defaultConfigurationName = Release;
		};
		53839DAE23733F3A001F54C8 /* Build configuration list for PBXNativeTarget "BaseProject" */ = {
			isa = XCConfigurationList;
			buildConfigurations = (
				53839DAF23733F3A001F54C8 /* Debug */,
				53839DB023733F3A001F54C8 /* Release */,
			);
			defaultConfigurationIsVisible = 0;
			defaultConfigurationName = Release;
		};
		53839DB123733F3A001F54C8 /* Build configuration list for PBXNativeTarget "BaseProjectTests" */ = {
			isa = XCConfigurationList;
			buildConfigurations = (
				53839DB223733F3A001F54C8 /* Debug */,
				53839DB323733F3A001F54C8 /* Release */,
			);
			defaultConfigurationIsVisible = 0;
			defaultConfigurationName = Release;
		};
		53839DB423733F3A001F54C8 /* Build configuration list for PBXNativeTarget "BaseProjectUITests" */ = {
			isa = XCConfigurationList;
			buildConfigurations = (
				53839DB523733F3A001F54C8 /* Debug */,
				53839DB623733F3A001F54C8 /* Release */,
			);
			defaultConfigurationIsVisible = 0;
			defaultConfigurationName = Release;
		};
/* End XCConfigurationList section */
	};
	rootObject = 53839D7E23733F39001F54C8 /* Project object */;
}
